PODS:
  - ChameleonFramework (2.1.0):
    - ChameleonFramework/Default (= 2.1.0)
  - ChameleonFramework/Default (2.1.0)

DEPENDENCIES:
  - ChameleonFramework

SPEC REPOS:
  https://github.com/cocoapods/specs.git:
    - ChameleonFramework

SPEC CHECKSUMS:
  ChameleonFramework: d21a3cc247abfe5e37609a283a8238b03575cf64

PODFILE CHECKSUM: 95e99e6278a21e52c2406daf4be2812a97259f45

COCOAPODS: 1.5.2
