// !$*UTF8*$!
{
	archiveVersion = 1;
	classes = {
	};
	objectVersion = 48;
	objects = {

/* Begin PBXBuildFile section */
		0AFD9BA120F0D4EE0006D066 /* AppDelegate.swift in Sources */ = {isa = PBXBuildFile; fileRef = 0AFD9BA020F0D4EE0006D066 /* AppDelegate.swift */; };
		0AFD9BA320F0D4EE0006D066 /* ViewController.swift in Sources */ = {isa = PBXBuildFile; fileRef = 0AFD9BA220F0D4EE0006D066 /* ViewController.swift */; };
		0AFD9BA620F0D4EE0006D066 /* Main.storyboard in Resources */ = {isa = PBXBuildFile; fileRef = 0AFD9BA420F0D4EE0006D066 /* Main.storyboard */; };
		0AFD9BA920F0D4EE0006D066 /* iOSAutolayout.xcdatamodeld in Sources */ = {isa = PBXBuildFile; fileRef = 0AFD9BA720F0D4EE0006D066 /* iOSAutolayout.xcdatamodeld */; };
		0AFD9BAB20F0D4EE0006D066 /* Assets.xcassets in Resources */ = {isa = PBXBuildFile; fileRef = 0AFD9BAA20F0D4EE0006D066 /* Assets.xcassets */; };
		0AFD9BAE20F0D4EE0006D066 /* LaunchScreen.storyboard in Resources */ = {isa = PBXBuildFile; fileRef = 0AFD9BAC20F0D4EE0006D066 /* LaunchScreen.storyboard */; };
		0AFD9BB920F0D4EE0006D066 /* iOSAutolayoutTests.swift in Sources */ = {isa = PBXBuildFile; fileRef = 0AFD9BB820F0D4EE0006D066 /* iOSAutolayoutTests.swift */; };
		0AFD9BC420F0D4EE0006D066 /* iOSAutolayoutUITests.swift in Sources */ = {isa = PBXBuildFile; fileRef = 0AFD9BC320F0D4EE0006D066 /* iOSAutolayoutUITests.swift */; };
		0AFD9BD520F0DB110006D066 /* TableViewCell.swift in Sources */ = {isa = PBXBuildFile; fileRef = 0AFD9BD320F0DB110006D066 /* TableViewCell.swift */; };
		0AFD9BD620F0DB110006D066 /* TableViewCell.xib in Resources */ = {isa = PBXBuildFile; fileRef = 0AFD9BD420F0DB110006D066 /* TableViewCell.xib */; };
/* End PBXBuildFile section */

/* Begin PBXContainerItemProxy section */
		0AFD9BB520F0D4EE0006D066 /* PBXContainerItemProxy */ = {
			isa = PBXContainerItemProxy;
			containerPortal = 0AFD9B9520F0D4EE0006D066 /* Project object */;
			proxyType = 1;
			remoteGlobalIDString = 0AFD9B9C20F0D4EE0006D066;
			remoteInfo = iOSAutolayout;
		};
		0AFD9BC020F0D4EE0006D066 /* PBXContainerItemProxy */ = {
			isa = PBXContainerItemProxy;
			containerPortal = 0AFD9B9520F0D4EE0006D066 /* Project object */;
			proxyType = 1;
			remoteGlobalIDString = 0AFD9B9C20F0D4EE0006D066;
			remoteInfo = iOSAutolayout;
		};
/* End PBXContainerItemProxy section */

/* Begin PBXFileReference section */
		0AFD9B9D20F0D4EE0006D066 /* iOSAutolayout.app */ = {isa = PBXFileReference; explicitFileType = wrapper.application; includeInIndex = 0; path = iOSAutolayout.app; sourceTree = BUILT_PRODUCTS_DIR; };
		0AFD9BA020F0D4EE0006D066 /* AppDelegate.swift */ = {isa = PBXFileReference; lastKnownFileType = sourcecode.swift; path = AppDelegate.swift; sourceTree = "<group>"; };
		0AFD9BA220F0D4EE0006D066 /* ViewController.swift */ = {isa = PBXFileReference; lastKnownFileType = sourcecode.swift; path = ViewController.swift; sourceTree = "<group>"; };
		0AFD9BA520F0D4EE0006D066 /* Base */ = {isa = PBXFileReference; lastKnownFileType = file.storyboard; name = Base; path = Base.lproj/Main.storyboard; sourceTree = "<group>"; };
		0AFD9BA820F0D4EE0006D066 /* iOSAutolayout.xcdatamodel */ = {isa = PBXFileReference; lastKnownFileType = wrapper.xcdatamodel; path = iOSAutolayout.xcdatamodel; sourceTree = "<group>"; };
		0AFD9BAA20F0D4EE0006D066 /* Assets.xcassets */ = {isa = PBXFileReference; lastKnownFileType = folder.assetcatalog; path = Assets.xcassets; sourceTree = "<group>"; };
		0AFD9BAD20F0D4EE0006D066 /* Base */ = {isa = PBXFileReference; lastKnownFileType = file.storyboard; name = Base; path = Base.lproj/LaunchScreen.storyboard; sourceTree = "<group>"; };
		0AFD9BAF20F0D4EE0006D066 /* Info.plist */ = {isa = PBXFileReference; lastKnownFileType = text.plist.xml; path = Info.plist; sourceTree = "<group>"; };
		0AFD9BB420F0D4EE0006D066 /* iOSAutolayoutTests.xctest */ = {isa = PBXFileReference; explicitFileType = wrapper.cfbundle; includeInIndex = 0; path = iOSAutolayoutTests.xctest; sourceTree = BUILT_PRODUCTS_DIR; };
		0AFD9BB820F0D4EE0006D066 /* iOSAutolayoutTests.swift */ = {isa = PBXFileReference; lastKnownFileType = sourcecode.swift; path = iOSAutolayoutTests.swift; sourceTree = "<group>"; };
		0AFD9BBA20F0D4EE0006D066 /* Info.plist */ = {isa = PBXFileReference; lastKnownFileType = text.plist.xml; path = Info.plist; sourceTree = "<group>"; };
		0AFD9BBF20F0D4EE0006D066 /* iOSAutolayoutUITests.xctest */ = {isa = PBXFileReference; explicitFileType = wrapper.cfbundle; includeInIndex = 0; path = iOSAutolayoutUITests.xctest; sourceTree = BUILT_PRODUCTS_DIR; };
		0AFD9BC320F0D4EE0006D066 /* iOSAutolayoutUITests.swift */ = {isa = PBXFileReference; lastKnownFileType = sourcecode.swift; path = iOSAutolayoutUITests.swift; sourceTree = "<group>"; };
		0AFD9BC520F0D4EE0006D066 /* Info.plist */ = {isa = PBXFileReference; lastKnownFileType = text.plist.xml; path = Info.plist; sourceTree = "<group>"; };
		0AFD9BD320F0DB110006D066 /* TableViewCell.swift */ = {isa = PBXFileReference; lastKnownFileType = sourcecode.swift; path = TableViewCell.swift; sourceTree = "<group>"; };
		0AFD9BD420F0DB110006D066 /* TableViewCell.xib */ = {isa = PBXFileReference; lastKnownFileType = file.xib; path = TableViewCell.xib; sourceTree = "<group>"; };
/* End PBXFileReference section */

/* Begin PBXFrameworksBuildPhase section */
		0AFD9B9A20F0D4EE0006D066 /* Frameworks */ = {
			isa = PBXFrameworksBuildPhase;
			buildActionMask = 2147483647;
			files = (
			);
			runOnlyForDeploymentPostprocessing = 0;
		};
		0AFD9BB120F0D4EE0006D066 /* Frameworks */ = {
			isa = PBXFrameworksBuildPhase;
			buildActionMask = 2147483647;
			files = (
			);
			runOnlyForDeploymentPostprocessing = 0;
		};
		0AFD9BBC20F0D4EE0006D066 /* Frameworks */ = {
			isa = PBXFrameworksBuildPhase;
			buildActionMask = 2147483647;
			files = (
			);
			runOnlyForDeploymentPostprocessing = 0;
		};
/* End PBXFrameworksBuildPhase section */

/* Begin PBXGroup section */
		0AFD9B9420F0D4EE0006D066 = {
			isa = PBXGroup;
			children = (
				0AFD9B9F20F0D4EE0006D066 /* iOSAutolayout */,
				0AFD9BB720F0D4EE0006D066 /* iOSAutolayoutTests */,
				0AFD9BC220F0D4EE0006D066 /* iOSAutolayoutUITests */,
				0AFD9B9E20F0D4EE0006D066 /* Products */,
			);
			sourceTree = "<group>";
		};
		0AFD9B9E20F0D4EE0006D066 /* Products */ = {
			isa = PBXGroup;
			children = (
				0AFD9B9D20F0D4EE0006D066 /* iOSAutolayout.app */,
				0AFD9BB420F0D4EE0006D066 /* iOSAutolayoutTests.xctest */,
				0AFD9BBF20F0D4EE0006D066 /* iOSAutolayoutUITests.xctest */,
			);
			name = Products;
			sourceTree = "<group>";
		};
		0AFD9B9F20F0D4EE0006D066 /* iOSAutolayout */ = {
			isa = PBXGroup;
			children = (
				0AFD9BA020F0D4EE0006D066 /* AppDelegate.swift */,
				0AFD9BD320F0DB110006D066 /* TableViewCell.swift */,
				0AFD9BD420F0DB110006D066 /* TableViewCell.xib */,
				0AFD9BA220F0D4EE0006D066 /* ViewController.swift */,
				0AFD9BA420F0D4EE0006D066 /* Main.storyboard */,
				0AFD9BAA20F0D4EE0006D066 /* Assets.xcassets */,
				0AFD9BAC20F0D4EE0006D066 /* LaunchScreen.storyboard */,
				0AFD9BAF20F0D4EE0006D066 /* Info.plist */,
				0AFD9BA720F0D4EE0006D066 /* iOSAutolayout.xcdatamodeld */,
			);
			path = iOSAutolayout;
			sourceTree = "<group>";
		};
		0AFD9BB720F0D4EE0006D066 /* iOSAutolayoutTests */ = {
			isa = PBXGroup;
			children = (
				0AFD9BB820F0D4EE0006D066 /* iOSAutolayoutTests.swift */,
				0AFD9BBA20F0D4EE0006D066 /* Info.plist */,
			);
			path = iOSAutolayoutTests;
			sourceTree = "<group>";
		};
		0AFD9BC220F0D4EE0006D066 /* iOSAutolayoutUITests */ = {
			isa = PBXGroup;
			children = (
				0AFD9BC320F0D4EE0006D066 /* iOSAutolayoutUITests.swift */,
				0AFD9BC520F0D4EE0006D066 /* Info.plist */,
			);
			path = iOSAutolayoutUITests;
			sourceTree = "<group>";
		};
/* End PBXGroup section */

/* Begin PBXNativeTarget section */
		0AFD9B9C20F0D4EE0006D066 /* iOSAutolayout */ = {
			isa = PBXNativeTarget;
			buildConfigurationList = 0AFD9BC820F0D4EE0006D066 /* Build configuration list for PBXNativeTarget "iOSAutolayout" */;
			buildPhases = (
				0AFD9B9920F0D4EE0006D066 /* Sources */,
				0AFD9B9A20F0D4EE0006D066 /* Frameworks */,
				0AFD9B9B20F0D4EE0006D066 /* Resources */,
			);
			buildRules = (
			);
			dependencies = (
			);
			name = iOSAutolayout;
			productName = iOSAutolayout;
			productReference = 0AFD9B9D20F0D4EE0006D066 /* iOSAutolayout.app */;
			productType = "com.apple.product-type.application";
		};
		0AFD9BB320F0D4EE0006D066 /* iOSAutolayoutTests */ = {
			isa = PBXNativeTarget;
			buildConfigurationList = 0AFD9BCB20F0D4EE0006D066 /* Build configuration list for PBXNativeTarget "iOSAutolayoutTests" */;
			buildPhases = (
				0AFD9BB020F0D4EE0006D066 /* Sources */,
				0AFD9BB120F0D4EE0006D066 /* Frameworks */,
				0AFD9BB220F0D4EE0006D066 /* Resources */,
			);
			buildRules = (
			);
			dependencies = (
				0AFD9BB620F0D4EE0006D066 /* PBXTargetDependency */,
			);
			name = iOSAutolayoutTests;
			productName = iOSAutolayoutTests;
			productReference = 0AFD9BB420F0D4EE0006D066 /* iOSAutolayoutTests.xctest */;
			productType = "com.apple.product-type.bundle.unit-test";
		};
		0AFD9BBE20F0D4EE0006D066 /* iOSAutolayoutUITests */ = {
			isa = PBXNativeTarget;
			buildConfigurationList = 0AFD9BCE20F0D4EE0006D066 /* Build configuration list for PBXNativeTarget "iOSAutolayoutUITests" */;
			buildPhases = (
				0AFD9BBB20F0D4EE0006D066 /* Sources */,
				0AFD9BBC20F0D4EE0006D066 /* Frameworks */,
				0AFD9BBD20F0D4EE0006D066 /* Resources */,
			);
			buildRules = (
			);
			dependencies = (
				0AFD9BC120F0D4EE0006D066 /* PBXTargetDependency */,
			);
			name = iOSAutolayoutUITests;
			productName = iOSAutolayoutUITests;
			productReference = 0AFD9BBF20F0D4EE0006D066 /* iOSAutolayoutUITests.xctest */;
			productType = "com.apple.product-type.bundle.ui-testing";
		};
/* End PBXNativeTarget section */

/* Begin PBXProject section */
		0AFD9B9520F0D4EE0006D066 /* Project object */ = {
			isa = PBXProject;
			attributes = {
				LastSwiftUpdateCheck = 0920;
				LastUpgradeCheck = 0920;
				ORGANIZATIONNAME = BridgeLabz;
				TargetAttributes = {
					0AFD9B9C20F0D4EE0006D066 = {
						CreatedOnToolsVersion = 9.2;
						ProvisioningStyle = Automatic;
					};
					0AFD9BB320F0D4EE0006D066 = {
						CreatedOnToolsVersion = 9.2;
						ProvisioningStyle = Automatic;
						TestTargetID = 0AFD9B9C20F0D4EE0006D066;
					};
					0AFD9BBE20F0D4EE0006D066 = {
						CreatedOnToolsVersion = 9.2;
						ProvisioningStyle = Automatic;
						TestTargetID = 0AFD9B9C20F0D4EE0006D066;
					};
				};
			};
			buildConfigurationList = 0AFD9B9820F0D4EE0006D066 /* Build configuration list for PBXProject "iOSAutolayout" */;
			compatibilityVersion = "Xcode 8.0";
			developmentRegion = en;
			hasScannedForEncodings = 0;
			knownRegions = (
				en,
				Base,
			);
			mainGroup = 0AFD9B9420F0D4EE0006D066;
			productRefGroup = 0AFD9B9E20F0D4EE0006D066 /* Products */;
			projectDirPath = "";
			projectRoot = "";
			targets = (
				0AFD9B9C20F0D4EE0006D066 /* iOSAutolayout */,
				0AFD9BB320F0D4EE0006D066 /* iOSAutolayoutTests */,
				0AFD9BBE20F0D4EE0006D066 /* iOSAutolayoutUITests */,
			);
		};
/* End PBXProject section */

/* Begin PBXResourcesBuildPhase section */
		0AFD9B9B20F0D4EE0006D066 /* Resources */ = {
			isa = PBXResourcesBuildPhase;
			buildActionMask = 2147483647;
			files = (
				0AFD9BAE20F0D4EE0006D066 /* LaunchScreen.storyboard in Resources */,
				0AFD9BD620F0DB110006D066 /* TableViewCell.xib in Resources */,
				0AFD9BAB20F0D4EE0006D066 /* Assets.xcassets in Resources */,
				0AFD9BA620F0D4EE0006D066 /* Main.storyboard in Resources */,
			);
			runOnlyForDeploymentPostprocessing = 0;
		};
		0AFD9BB220F0D4EE0006D066 /* Resources */ = {
			isa = PBXResourcesBuildPhase;
			buildActionMask = 2147483647;
			files = (
			);
			runOnlyForDeploymentPostprocessing = 0;
		};
		0AFD9BBD20F0D4EE0006D066 /* Resources */ = {
			isa = PBXResourcesBuildPhase;
			buildActionMask = 2147483647;
			files = (
			);
			runOnlyForDeploymentPostprocessing = 0;
		};
/* End PBXResourcesBuildPhase section */

/* Begin PBXSourcesBuildPhase section */
		0AFD9B9920F0D4EE0006D066 /* Sources */ = {
			isa = PBXSourcesBuildPhase;
			buildActionMask = 2147483647;
			files = (
				0AFD9BA320F0D4EE0006D066 /* ViewController.swift in Sources */,
				0AFD9BD520F0DB110006D066 /* TableViewCell.swift in Sources */,
				0AFD9BA120F0D4EE0006D066 /* AppDelegate.swift in Sources */,
				0AFD9BA920F0D4EE0006D066 /* iOSAutolayout.xcdatamodeld in Sources */,
			);
			runOnlyForDeploymentPostprocessing = 0;
		};
		0AFD9BB020F0D4EE0006D066 /* Sources */ = {
			isa = PBXSourcesBuildPhase;
			buildActionMask = 2147483647;
			files = (
				0AFD9BB920F0D4EE0006D066 /* iOSAutolayoutTests.swift in Sources */,
			);
			runOnlyForDeploymentPostprocessing = 0;
		};
		0AFD9BBB20F0D4EE0006D066 /* Sources */ = {
			isa = PBXSourcesBuildPhase;
			buildActionMask = 2147483647;
			files = (
				0AFD9BC420F0D4EE0006D066 /* iOSAutolayoutUITests.swift in Sources */,
			);
			runOnlyForDeploymentPostprocessing = 0;
		};
/* End PBXSourcesBuildPhase section */

/* Begin PBXTargetDependency section */
		0AFD9BB620F0D4EE0006D066 /* PBXTargetDependency */ = {
			isa = PBXTargetDependency;
			target = 0AFD9B9C20F0D4EE0006D066 /* iOSAutolayout */;
			targetProxy = 0AFD9BB520F0D4EE0006D066 /* PBXContainerItemProxy */;
		};
		0AFD9BC120F0D4EE0006D066 /* PBXTargetDependency */ = {
			isa = PBXTargetDependency;
			target = 0AFD9B9C20F0D4EE0006D066 /* iOSAutolayout */;
			targetProxy = 0AFD9BC020F0D4EE0006D066 /* PBXContainerItemProxy */;
		};
/* End PBXTargetDependency section */

/* Begin PBXVariantGroup section */
		0AFD9BA420F0D4EE0006D066 /* Main.storyboard */ = {
			isa = PBXVariantGroup;
			children = (
				0AFD9BA520F0D4EE0006D066 /* Base */,
			);
			name = Main.storyboard;
			sourceTree = "<group>";
		};
		0AFD9BAC20F0D4EE0006D066 /* LaunchScreen.storyboard */ = {
			isa = PBXVariantGroup;
			children = (
				0AFD9BAD20F0D4EE0006D066 /* Base */,
			);
			name = LaunchScreen.storyboard;
			sourceTree = "<group>";
		};
/* End PBXVariantGroup section */

/* Begin XCBuildConfiguration section */
		0AFD9BC620F0D4EE0006D066 /* Debug */ = {
			isa = XCBuildConfiguration;
			buildSettings = {
				ALWAYS_SEARCH_USER_PATHS = NO;
				CLANG_ANALYZER_NONNULL = YES;
				CLANG_ANALYZER_NUMBER_OBJECT_CONVERSION = YES_AGGRESSIVE;
				CLANG_CXX_LANGUAGE_STANDARD = "gnu++14";
				CLANG_CXX_LIBRARY = "libc++";
				CLANG_ENABLE_MODULES = YES;
				CLANG_ENABLE_OBJC_ARC = YES;
				CLANG_WARN_BLOCK_CAPTURE_AUTORELEASING = YES;
				CLANG_WARN_BOOL_CONVERSION = YES;
				CLANG_WARN_COMMA = YES;
				CLANG_WARN_CONSTANT_CONVERSION = YES;
				CLANG_WARN_DIRECT_OBJC_ISA_USAGE = YES_ERROR;
				CLANG_WARN_DOCUMENTATION_COMMENTS = YES;
				CLANG_WARN_EMPTY_BODY = YES;
				CLANG_WARN_ENUM_CONVERSION = YES;
				CLANG_WARN_INFINITE_RECURSION = YES;
				CLANG_WARN_INT_CONVERSION = YES;
				CLANG_WARN_NON_LITERAL_NULL_CONVERSION = YES;
				CLANG_WARN_OBJC_LITERAL_CONVERSION = YES;
				CLANG_WARN_OBJC_ROOT_CLASS = YES_ERROR;
				CLANG_WARN_RANGE_LOOP_ANALYSIS = YES;
				CLANG_WARN_STRICT_PROTOTYPES = YES;
				CLANG_WARN_SUSPICIOUS_MOVE = YES;
				CLANG_WARN_UNGUARDED_AVAILABILITY = YES_AGGRESSIVE;
				CLANG_WARN_UNREACHABLE_CODE = YES;
				CLANG_WARN__DUPLICATE_METHOD_MATCH = YES;
				CODE_SIGN_IDENTITY = "iPhone Developer";
				COPY_PHASE_STRIP = NO;
				DEBUG_INFORMATION_FORMAT = dwarf;
				ENABLE_STRICT_OBJC_MSGSEND = YES;
				ENABLE_TESTABILITY = YES;
				GCC_C_LANGUAGE_STANDARD = gnu11;
				GCC_DYNAMIC_NO_PIC = NO;
				GCC_NO_COMMON_BLOCKS = YES;
				GCC_OPTIMIZATION_LEVEL = 0;
				GCC_PREPROCESSOR_DEFINITIONS = (
					"DEBUG=1",
					"$(inherited)",
				);
				GCC_WARN_64_TO_32_BIT_CONVERSION = YES;
				GCC_WARN_ABOUT_RETURN_TYPE = YES_ERROR;
				GCC_WARN_UNDECLARED_SELECTOR = YES;
				GCC_WARN_UNINITIALIZED_AUTOS = YES_AGGRESSIVE;
				GCC_WARN_UNUSED_FUNCTION = YES;
				GCC_WARN_UNUSED_VARIABLE = YES;
				IPHONEOS_DEPLOYMENT_TARGET = 11.2;
				MTL_ENABLE_DEBUG_INFO = YES;
				ONLY_ACTIVE_ARCH = YES;
				SDKROOT = iphoneos;
				SWIFT_ACTIVE_COMPILATION_CONDITIONS = DEBUG;
				SWIFT_OPTIMIZATION_LEVEL = "-Onone";
			};
			name = Debug;
		};
		0AFD9BC720F0D4EE0006D066 /* Release */ = {
			isa = XCBuildConfiguration;
			buildSettings = {
				ALWAYS_SEARCH_USER_PATHS = NO;
				CLANG_ANALYZER_NONNULL = YES;
				CLANG_ANALYZER_NUMBER_OBJECT_CONVERSION = YES_AGGRESSIVE;
				CLANG_CXX_LANGUAGE_STANDARD = "gnu++14";
				CLANG_CXX_LIBRARY = "libc++";
				CLANG_ENABLE_MODULES = YES;
				CLANG_ENABLE_OBJC_ARC = YES;
				CLANG_WARN_BLOCK_CAPTURE_AUTORELEASING = YES;
				CLANG_WARN_BOOL_CONVERSION = YES;
				CLANG_WARN_COMMA = YES;
				CLANG_WARN_CONSTANT_CONVERSION = YES;
				CLANG_WARN_DIRECT_OBJC_ISA_USAGE = YES_ERROR;
				CLANG_WARN_DOCUMENTATION_COMMENTS = YES;
				CLANG_WARN_EMPTY_BODY = YES;
				CLANG_WARN_ENUM_CONVERSION = YES;
				CLANG_WARN_INFINITE_RECURSION = YES;
				CLANG_WARN_INT_CONVERSION = YES;
				CLANG_WARN_NON_LITERAL_NULL_CONVERSION = YES;
				CLANG_WARN_OBJC_LITERAL_CONVERSION = YES;
				CLANG_WARN_OBJC_ROOT_CLASS = YES_ERROR;
				CLANG_WARN_RANGE_LOOP_ANALYSIS = YES;
				CLANG_WARN_STRICT_PROTOTYPES = YES;
				CLANG_WARN_SUSPICIOUS_MOVE = YES;
				CLANG_WARN_UNGUARDED_AVAILABILITY = YES_AGGRESSIVE;
				CLANG_WARN_UNREACHABLE_CODE = YES;
				CLANG_WARN__DUPLICATE_METHOD_MATCH = YES;
				CODE_SIGN_IDENTITY = "iPhone Developer";
				COPY_PHASE_STRIP = NO;
				DEBUG_INFORMATION_FORMAT = "dwarf-with-dsym";
				ENABLE_NS_ASSERTIONS = NO;
				ENABLE_STRICT_OBJC_MSGSEND = YES;
				GCC_C_LANGUAGE_STANDARD = gnu11;
				GCC_NO_COMMON_BLOCKS = YES;
				GCC_WARN_64_TO_32_BIT_CONVERSION = YES;
				GCC_WARN_ABOUT_RETURN_TYPE = YES_ERROR;
				GCC_WARN_UNDECLARED_SELECTOR = YES;
				GCC_WARN_UNINITIALIZED_AUTOS = YES_AGGRESSIVE;
				GCC_WARN_UNUSED_FUNCTION = YES;
				GCC_WARN_UNUSED_VARIABLE = YES;
				IPHONEOS_DEPLOYMENT_TARGET = 11.2;
				MTL_ENABLE_DEBUG_INFO = NO;
				SDKROOT = iphoneos;
				SWIFT_OPTIMIZATION_LEVEL = "-Owholemodule";
				VALIDATE_PRODUCT = YES;
			};
			name = Release;
		};
		0AFD9BC920F0D4EE0006D066 /* Debug */ = {
			isa = XCBuildConfiguration;
			buildSettings = {
				ASSETCATALOG_COMPILER_APPICON_NAME = AppIcon;
				CODE_SIGN_STYLE = Automatic;
				INFOPLIST_FILE = iOSAutolayout/Info.plist;
				LD_RUNPATH_SEARCH_PATHS = "$(inherited) @executable_path/Frameworks";
				PRODUCT_BUNDLE_IDENTIFIER = com.bridgelabz.iOSAutolayout;
				PRODUCT_NAME = "$(TARGET_NAME)";
				SWIFT_VERSION = 4.0;
				TARGETED_DEVICE_FAMILY = "1,2";
			};
			name = Debug;
		};
		0AFD9BCA20F0D4EE0006D066 /* Release */ = {
			isa = XCBuildConfiguration;
			buildSettings = {
				ASSETCATALOG_COMPILER_APPICON_NAME = AppIcon;
				CODE_SIGN_STYLE = Automatic;
				INFOPLIST_FILE = iOSAutolayout/Info.plist;
				LD_RUNPATH_SEARCH_PATHS = "$(inherited) @executable_path/Frameworks";
				PRODUCT_BUNDLE_IDENTIFIER = com.bridgelabz.iOSAutolayout;
				PRODUCT_NAME = "$(TARGET_NAME)";
				SWIFT_VERSION = 4.0;
				TARGETED_DEVICE_FAMILY = "1,2";
			};
			name = Release;
		};
		0AFD9BCC20F0D4EE0006D066 /* Debug */ = {
			isa = XCBuildConfiguration;
			buildSettings = {
				ALWAYS_EMBED_SWIFT_STANDARD_LIBRARIES = YES;
				BUNDLE_LOADER = "$(TEST_HOST)";
				CODE_SIGN_STYLE = Automatic;
				INFOPLIST_FILE = iOSAutolayoutTests/Info.plist;
				LD_RUNPATH_SEARCH_PATHS = "$(inherited) @executable_path/Frameworks @loader_path/Frameworks";
				PRODUCT_BUNDLE_IDENTIFIER = com.bridgelabz.iOSAutolayoutTests;
				PRODUCT_NAME = "$(TARGET_NAME)";
				SWIFT_VERSION = 4.0;
				TARGETED_DEVICE_FAMILY = "1,2";
				TEST_HOST = "$(BUILT_PRODUCTS_DIR)/iOSAutolayout.app/iOSAutolayout";
			};
			name = Debug;
		};
		0AFD9BCD20F0D4EE0006D066 /* Release */ = {
			isa = XCBuildConfiguration;
			buildSettings = {
				ALWAYS_EMBED_SWIFT_STANDARD_LIBRARIES = YES;
				BUNDLE_LOADER = "$(TEST_HOST)";
				CODE_SIGN_STYLE = Automatic;
				INFOPLIST_FILE = iOSAutolayoutTests/Info.plist;
				LD_RUNPATH_SEARCH_PATHS = "$(inherited) @executable_path/Frameworks @loader_path/Frameworks";
				PRODUCT_BUNDLE_IDENTIFIER = com.bridgelabz.iOSAutolayoutTests;
				PRODUCT_NAME = "$(TARGET_NAME)";
				SWIFT_VERSION = 4.0;
				TARGETED_DEVICE_FAMILY = "1,2";
				TEST_HOST = "$(BUILT_PRODUCTS_DIR)/iOSAutolayout.app/iOSAutolayout";
			};
			name = Release;
		};
		0AFD9BCF20F0D4EE0006D066 /* Debug */ = {
			isa = XCBuildConfiguration;
			buildSettings = {
				ALWAYS_EMBED_SWIFT_STANDARD_LIBRARIES = YES;
				CODE_SIGN_STYLE = Automatic;
				INFOPLIST_FILE = iOSAutolayoutUITests/Info.plist;
				LD_RUNPATH_SEARCH_PATHS = "$(inherited) @executable_path/Frameworks @loader_path/Frameworks";
				PRODUCT_BUNDLE_IDENTIFIER = com.bridgelabz.iOSAutolayoutUITests;
				PRODUCT_NAME = "$(TARGET_NAME)";
				SWIFT_VERSION = 4.0;
				TARGETED_DEVICE_FAMILY = "1,2";
				TEST_TARGET_NAME = iOSAutolayout;
			};
			name = Debug;
		};
		0AFD9BD020F0D4EE0006D066 /* Release */ = {
			isa = XCBuildConfiguration;
			buildSettings = {
				ALWAYS_EMBED_SWIFT_STANDARD_LIBRARIES = YES;
				CODE_SIGN_STYLE = Automatic;
				INFOPLIST_FILE = iOSAutolayoutUITests/Info.plist;
				LD_RUNPATH_SEARCH_PATHS = "$(inherited) @executable_path/Frameworks @loader_path/Frameworks";
				PRODUCT_BUNDLE_IDENTIFIER = com.bridgelabz.iOSAutolayoutUITests;
				PRODUCT_NAME = "$(TARGET_NAME)";
				SWIFT_VERSION = 4.0;
				TARGETED_DEVICE_FAMILY = "1,2";
				TEST_TARGET_NAME = iOSAutolayout;
			};
			name = Release;
		};
/* End XCBuildConfiguration section */

/* Begin XCConfigurationList section */
		0AFD9B9820F0D4EE0006D066 /* Build configuration list for PBXProject "iOSAutolayout" */ = {
			isa = XCConfigurationList;
			buildConfigurations = (
				0AFD9BC620F0D4EE0006D066 /* Debug */,
				0AFD9BC720F0D4EE0006D066 /* Release */,
			);
			defaultConfigurationIsVisible = 0;
			defaultConfigurationName = Release;
		};
		0AFD9BC820F0D4EE0006D066 /* Build configuration list for PBXNativeTarget "iOSAutolayout" */ = {
			isa = XCConfigurationList;
			buildConfigurations = (
				0AFD9BC920F0D4EE0006D066 /* Debug */,
				0AFD9BCA20F0D4EE0006D066 /* Release */,
			);
			defaultConfigurationIsVisible = 0;
			defaultConfigurationName = Release;
		};
		0AFD9BCB20F0D4EE0006D066 /* Build configuration list for PBXNativeTarget "iOSAutolayoutTests" */ = {
			isa = XCConfigurationList;
			buildConfigurations = (
				0AFD9BCC20F0D4EE0006D066 /* Debug */,
				0AFD9BCD20F0D4EE0006D066 /* Release */,
			);
			defaultConfigurationIsVisible = 0;
			defaultConfigurationName = Release;
		};
		0AFD9BCE20F0D4EE0006D066 /* Build configuration list for PBXNativeTarget "iOSAutolayoutUITests" */ = {
			isa = XCConfigurationList;
			buildConfigurations = (
				0AFD9BCF20F0D4EE0006D066 /* Debug */,
				0AFD9BD020F0D4EE0006D066 /* Release */,
			);
			defaultConfigurationIsVisible = 0;
			defaultConfigurationName = Release;
		};
/* End XCConfigurationList section */

/* Begin XCVersionGroup section */
		0AFD9BA720F0D4EE0006D066 /* iOSAutolayout.xcdatamodeld */ = {
			isa = XCVersionGroup;
			children = (
				0AFD9BA820F0D4EE0006D066 /* iOSAutolayout.xcdatamodel */,
			);
			currentVersion = 0AFD9BA820F0D4EE0006D066 /* iOSAutolayout.xcdatamodel */;
			path = iOSAutolayout.xcdatamodeld;
			sourceTree = "<group>";
			versionGroupType = wrapper.xcdatamodel;
		};
/* End XCVersionGroup section */
	};
	rootObject = 0AFD9B9520F0D4EE0006D066 /* Project object */;
}
